
Microsoft Visual Studio Solution File, Format Version 12.00
# Visual Studio 15
VisualStudioVersion = 15.0.28010.2016
MinimumVisualStudioVersion = 10.0.40219.1
Project("{FAE04EC0-301F-11D3-BF4B-00C04F79EFBC}") = "RTBClientCSharp", "RTBClientCSharp.csproj", "{D371D402-A50D-4FFE-AAAB-BFF06D66065E}"
EndProject
Global
	GlobalSection(SolutionConfigurationPlatforms) = preSolution
		Debug|Any CPU = Debug|Any CPU
		Release|Any CPU = Release|Any CPU
	EndGlobalSection
	GlobalSection(ProjectConfigurationPlatforms) = postSolution
		{D371D402-A50D-4FFE-AAAB-BFF06D66065E}.Debug|Any CPU.ActiveCfg = Debug|Any CPU
		{D371D402-A50D-4FFE-AAAB-BFF06D66065E}.Debug|Any CPU.Build.0 = Debug|Any CPU
		{D371D402-A50D-4FFE-AAAB-BFF06D66065E}.Release|Any CPU.ActiveCfg = Release|Any CPU
		{D371D402-A50D-4FFE-AAAB-BFF06D66065E}.Release|Any CPU.Build.0 = Release|Any CPU
	EndGlobalSection
	GlobalSection(SolutionProperties) = preSolution
		HideSolutionNode = FALSE
	EndGlobalSection
	GlobalSection(ExtensibilityGlobals) = postSolution
		SolutionGuid = {AF259C3C-8BE1-4301-8799-70215A03903B}
	EndGlobalSection
EndGlobal
